<?xml version="1.0" encoding="utf-8"?>
<Project ToolsVersion="4.0" xmlns="http://schemas.microsoft.com/developer/msbuild/2003">
  <ItemGroup>
    <ClInclude Include="Include\sqlite3.h">
      <Filter>Include</Filter>
    </ClInclude>
    <ClInclude Include="Container\Util\Elevate.hxx">
      <Filter>Headers</Filter>
    </ClInclude>
    <ClInclude Include="Container\Header\MAC.hxx">
      <Filter>Headers</Filter>
    </ClInclude>
    <ClInclude Include="Container\Header\Hyperion.hxx">
      <Filter>Headers</Filter>
    </ClInclude>
    <ClInclude Include="Container\Header\Fingerprint.hxx">
      <Filter>Headers</Filter>
    </ClInclude>
    <ClInclude Include="Container\Header\Roblox.hxx">
      <Filter>Headers</Filter>
    </ClInclude>
    <ClInclude Include="Container\Util\StringEncryption.hxx">
      <Filter>Headers</Filter>
    </ClInclude>
    <ClInclude Include="Container\Util\Utils.hxx">
      <Filter>Headers</Filter>
    </ClInclude>
  </ItemGroup>
  <ItemGroup>
    <Filter Include="Headers">
      <UniqueIdentifier>{ffd570ac-e54d-4c95-82db-74320daecc5a}</UniqueIdentifier>
    </Filter>
    <Filter Include="Source">
      <UniqueIdentifier>{52f9702b-79f5-4a40-95ab-3c2ac69f52ae}</UniqueIdentifier>
    </Filter>
    <Filter Include="Include">
      <UniqueIdentifier>{89ad0511-5c37-4c45-81ed-3995eb9fb6db}</UniqueIdentifier>
    </Filter>
  </ItemGroup>
  <ItemGroup>
    <ClCompile Include="Master.cc" />
    <ClCompile Include="Container\Core\Fingerprint.cxx">
      <Filter>Source</Filter>
    </ClCompile>
    <ClCompile Include="Container\Core\MAC.cxx">
      <Filter>Source</Filter>
    </ClCompile>
    <ClCompile Include="Container\Core\Hyperion.cxx">
      <Filter>Source</Filter>
    </ClCompile>
    <ClCompile Include="Container\Core\Roblox.cxx">
      <Filter>Source</Filter>
    </ClCompile>
    <ClCompile Include="Container\Core\Utils.cxx">
      <Filter>Source</Filter>
    </ClCompile>
  </ItemGroup>
  <ItemGroup>
    <ResourceCompile Include="TITAN.rc" />
  </ItemGroup>
</Project>